PODS:
  - SDWebImage (5.5.1):
    - SDWebImage/Core (= 5.5.1)
  - SDWebImage/Core (5.5.1)

DEPENDENCIES:
  - SDWebImage (~> 5.0)

SPEC REPOS:
  trunk:
    - SDWebImage

SPEC CHECKSUMS:
  SDWebImage: 1245d058b7b8f59adef7a6da6bbafd4f1ab67041

PODFILE CHECKSUM: 37419c6444324207b39095a3ce18d4b4b3578ba9

COCOAPODS: 1.8.4
